
Microsoft Visual Studio Solution File, Format Version 12.00
Project("{FAE04EC0-301F-11D3-BF4B-00C04F79EFBC}") = "Astrare", "Astrare\Astrare.csproj", "{19765652-4899-4CFA-90D3-EC48B541B9AB}"
EndProject
Global
	GlobalSection(SolutionConfigurationPlatforms) = preSolution
		Debug|Any CPU = Debug|Any CPU
		Release|Any CPU = Release|Any CPU
	EndGlobalSection
	GlobalSection(ProjectConfigurationPlatforms) = postSolution
		{19765652-4899-4CFA-90D3-EC48B541B9AB}.Debug|Any CPU.ActiveCfg = Debug|Any CPU
		{19765652-4899-4CFA-90D3-EC48B541B9AB}.Debug|Any CPU.Build.0 = Debug|Any CPU
		{19765652-4899-4CFA-90D3-EC48B541B9AB}.Release|Any CPU.ActiveCfg = Release|Any CPU
		{19765652-4899-4CFA-90D3-EC48B541B9AB}.Release|Any CPU.Build.0 = Release|Any CPU
	EndGlobalSection
EndGlobal
